
Microsoft Visual Studio Solution File, Format Version 12.00
# Visual Studio Version 17
VisualStudioVersion = 17.3.32819.101
MinimumVisualStudioVersion = 10.0.40219.1
Project("{8BC9CEB8-8B4A-11D0-8D11-00A0C91BC942}") = "Project3", "Project3\Project3.vcxproj", "{CABAC698-4D2B-4A7B-966B-CA995D9FA10B}"
EndProject
Global
	GlobalSection(SolutionConfigurationPlatforms) = preSolution
		Debug|x64 = Debug|x64
		Debug|x86 = Debug|x86
		Release|x64 = Release|x64
		Release|x86 = Release|x86
	EndGlobalSection
	GlobalSection(ProjectConfigurationPlatforms) = postSolution
		{CABAC698-4D2B-4A7B-966B-CA995D9FA10B}.Debug|x64.ActiveCfg = Debug|x64
		{CABAC698-4D2B-4A7B-966B-CA995D9FA10B}.Debug|x64.Build.0 = Debug|x64
		{CABAC698-4D2B-4A7B-966B-CA995D9FA10B}.Debug|x86.ActiveCfg = Debug|Win32
		{CABAC698-4D2B-4A7B-966B-CA995D9FA10B}.Debug|x86.Build.0 = Debug|Win32
		{CABAC698-4D2B-4A7B-966B-CA995D9FA10B}.Release|x64.ActiveCfg = Release|x64
		{CABAC698-4D2B-4A7B-966B-CA995D9FA10B}.Release|x64.Build.0 = Release|x64
		{CABAC698-4D2B-4A7B-966B-CA995D9FA10B}.Release|x86.ActiveCfg = Release|Win32
		{CABAC698-4D2B-4A7B-966B-CA995D9FA10B}.Release|x86.Build.0 = Release|Win32
	EndGlobalSection
	GlobalSection(SolutionProperties) = preSolution
		HideSolutionNode = FALSE
	EndGlobalSection
	GlobalSection(ExtensibilityGlobals) = postSolution
		SolutionGuid = {81CC1233-AC5D-4A60-B3F4-A83E16BCCC2B}
	EndGlobalSection
EndGlobal
